// !$*UTF8*$!
{
	archiveVersion = 1;
	classes = {
	};
	objectVersion = 46;
	objects = {

/* Begin PBXBuildFile section */
		FD2BB7011C846D960068FF99 /* main.m in Sources */ = {isa = PBXBuildFile; fileRef = FD2BB7001C846D960068FF99 /* main.m */; };
		FD2BB7041C846D960068FF99 /* AppDelegate.m in Sources */ = {isa = PBXBuildFile; fileRef = FD2BB7031C846D960068FF99 /* AppDelegate.m */; };
		FD2BB7071C846D960068FF99 /* ViewController.m in Sources */ = {isa = PBXBuildFile; fileRef = FD2BB7061C846D960068FF99 /* ViewController.m */; };
		FD2BB70A1C846D960068FF99 /* Main.storyboard in Resources */ = {isa = PBXBuildFile; fileRef = FD2BB7081C846D960068FF99 /* Main.storyboard */; };
		FD2BB70C1C846D960068FF99 /* Assets.xcassets in Resources */ = {isa = PBXBuildFile; fileRef = FD2BB70B1C846D960068FF99 /* Assets.xcassets */; };
		FD2BB70F1C846D960068FF99 /* LaunchScreen.storyboard in Resources */ = {isa = PBXBuildFile; fileRef = FD2BB70D1C846D960068FF99 /* LaunchScreen.storyboard */; };
		FD2BB71A1C84734A0068FF99 /* DrawCircleLineView.m in Sources */ = {isa = PBXBuildFile; fileRef = FD2BB7191C84734A0068FF99 /* DrawCircleLineView.m */; };
		FD2BB71E1C8474F00068FF99 /* DisplayUtil.m in Sources */ = {isa = PBXBuildFile; fileRef = FD2BB71D1C8474F00068FF99 /* DisplayUtil.m */; };
/* End PBXBuildFile section */

/* Begin PBXFileReference section */
		FD2BB6FC1C846D960068FF99 /* OCDrawCircleLine.app */ = {isa = PBXFileReference; explicitFileType = wrapper.application; includeInIndex = 0; path = OCDrawCircleLine.app; sourceTree = BUILT_PRODUCTS_DIR; };
		FD2BB7001C846D960068FF99 /* main.m */ = {isa = PBXFileReference; lastKnownFileType = sourcecode.c.objc; path = main.m; sourceTree = "<group>"; };
		FD2BB7021C846D960068FF99 /* AppDelegate.h */ = {isa = PBXFileReference; lastKnownFileType = sourcecode.c.h; path = AppDelegate.h; sourceTree = "<group>"; };
		FD2BB7031C846D960068FF99 /* AppDelegate.m */ = {isa = PBXFileReference; lastKnownFileType = sourcecode.c.objc; path = AppDelegate.m; sourceTree = "<group>"; };
		FD2BB7051C846D960068FF99 /* ViewController.h */ = {isa = PBXFileReference; lastKnownFileType = sourcecode.c.h; path = ViewController.h; sourceTree = "<group>"; };
		FD2BB7061C846D960068FF99 /* ViewController.m */ = {isa = PBXFileReference; lastKnownFileType = sourcecode.c.objc; path = ViewController.m; sourceTree = "<group>"; };
		FD2BB7091C846D960068FF99 /* Base */ = {isa = PBXFileReference; lastKnownFileType = file.storyboard; name = Base; path = Base.lproj/Main.storyboard; sourceTree = "<group>"; };
		FD2BB70B1C846D960068FF99 /* Assets.xcassets */ = {isa = PBXFileReference; lastKnownFileType = folder.assetcatalog; path = Assets.xcassets; sourceTree = "<group>"; };
		FD2BB70E1C846D960068FF99 /* Base */ = {isa = PBXFileReference; lastKnownFileType = file.storyboard; name = Base; path = Base.lproj/LaunchScreen.storyboard; sourceTree = "<group>"; };
		FD2BB7101C846D960068FF99 /* Info.plist */ = {isa = PBXFileReference; lastKnownFileType = text.plist.xml; path = Info.plist; sourceTree = "<group>"; };
		FD2BB7181C84734A0068FF99 /* DrawCircleLineView.h */ = {isa = PBXFileReference; fileEncoding = 4; lastKnownFileType = sourcecode.c.h; path = DrawCircleLineView.h; sourceTree = "<group>"; };
		FD2BB7191C84734A0068FF99 /* DrawCircleLineView.m */ = {isa = PBXFileReference; fileEncoding = 4; lastKnownFileType = sourcecode.c.objc; path = DrawCircleLineView.m; sourceTree = "<group>"; };
		FD2BB71C1C8474F00068FF99 /* DisplayUtil.h */ = {isa = PBXFileReference; fileEncoding = 4; lastKnownFileType = sourcecode.c.h; path = DisplayUtil.h; sourceTree = "<group>"; };
		FD2BB71D1C8474F00068FF99 /* DisplayUtil.m */ = {isa = PBXFileReference; fileEncoding = 4; lastKnownFileType = sourcecode.c.objc; path = DisplayUtil.m; sourceTree = "<group>"; };
/* End PBXFileReference section */

/* Begin PBXFrameworksBuildPhase section */
		FD2BB6F91C846D960068FF99 /* Frameworks */ = {
			isa = PBXFrameworksBuildPhase;
			buildActionMask = 2147483647;
			files = (
			);
			runOnlyForDeploymentPostprocessing = 0;
		};
/* End PBXFrameworksBuildPhase section */

/* Begin PBXGroup section */
		FD2BB6F31C846D960068FF99 = {
			isa = PBXGroup;
			children = (
				FD2BB6FE1C846D960068FF99 /* OCDrawCircleLine */,
				FD2BB6FD1C846D960068FF99 /* Products */,
			);
			sourceTree = "<group>";
		};
		FD2BB6FD1C846D960068FF99 /* Products */ = {
			isa = PBXGroup;
			children = (
				FD2BB6FC1C846D960068FF99 /* OCDrawCircleLine.app */,
			);
			name = Products;
			sourceTree = "<group>";
		};
		FD2BB6FE1C846D960068FF99 /* OCDrawCircleLine */ = {
			isa = PBXGroup;
			children = (
				FD2BB7021C846D960068FF99 /* AppDelegate.h */,
				FD2BB7031C846D960068FF99 /* AppDelegate.m */,
				FD2BB7171C846F970068FF99 /* Controllers */,
				FD2BB7161C846F710068FF99 /* Views */,
				FD2BB71B1C84749D0068FF99 /* Utils */,
				FD2BB70B1C846D960068FF99 /* Assets.xcassets */,
				FD2BB7101C846D960068FF99 /* Info.plist */,
				FD2BB6FF1C846D960068FF99 /* Supporting Files */,
			);
			path = OCDrawCircleLine;
			sourceTree = "<group>";
		};
		FD2BB6FF1C846D960068FF99 /* Supporting Files */ = {
			isa = PBXGroup;
			children = (
				FD2BB7001C846D960068FF99 /* main.m */,
			);
			name = "Supporting Files";
			sourceTree = "<group>";
		};
		FD2BB7161C846F710068FF99 /* Views */ = {
			isa = PBXGroup;
			children = (
				FD2BB7081C846D960068FF99 /* Main.storyboard */,
				FD2BB70D1C846D960068FF99 /* LaunchScreen.storyboard */,
				FD2BB7181C84734A0068FF99 /* DrawCircleLineView.h */,
				FD2BB7191C84734A0068FF99 /* DrawCircleLineView.m */,
			);
			path = Views;
			sourceTree = "<group>";
		};
		FD2BB7171C846F970068FF99 /* Controllers */ = {
			isa = PBXGroup;
			children = (
				FD2BB7051C846D960068FF99 /* ViewController.h */,
				FD2BB7061C846D960068FF99 /* ViewController.m */,
			);
			path = Controllers;
			sourceTree = "<group>";
		};
		FD2BB71B1C84749D0068FF99 /* Utils */ = {
			isa = PBXGroup;
			children = (
				FD2BB71C1C8474F00068FF99 /* DisplayUtil.h */,
				FD2BB71D1C8474F00068FF99 /* DisplayUtil.m */,
			);
			path = Utils;
			sourceTree = "<group>";
		};
/* End PBXGroup section */

/* Begin PBXNativeTarget section */
		FD2BB6FB1C846D960068FF99 /* OCDrawCircleLine */ = {
			isa = PBXNativeTarget;
			buildConfigurationList = FD2BB7131C846D960068FF99 /* Build configuration list for PBXNativeTarget "OCDrawCircleLine" */;
			buildPhases = (
				FD2BB6F81C846D960068FF99 /* Sources */,
				FD2BB6F91C846D960068FF99 /* Frameworks */,
				FD2BB6FA1C846D960068FF99 /* Resources */,
			);
			buildRules = (
			);
			dependencies = (
			);
			name = OCDrawCircleLine;
			productName = OCDrawCircleLine;
			productReference = FD2BB6FC1C846D960068FF99 /* OCDrawCircleLine.app */;
			productType = "com.apple.product-type.application";
		};
/* End PBXNativeTarget section */

/* Begin PBXProject section */
		FD2BB6F41C846D960068FF99 /* Project object */ = {
			isa = PBXProject;
			attributes = {
				LastUpgradeCheck = 0720;
				ORGANIZATIONNAME = "麻生 拓弥";
				TargetAttributes = {
					FD2BB6FB1C846D960068FF99 = {
						CreatedOnToolsVersion = 7.2.1;
					};
				};
			};
			buildConfigurationList = FD2BB6F71C846D960068FF99 /* Build configuration list for PBXProject "OCDrawCircleLine" */;
			compatibilityVersion = "Xcode 3.2";
			developmentRegion = English;
			hasScannedForEncodings = 0;
			knownRegions = (
				en,
				Base,
			);
			mainGroup = FD2BB6F31C846D960068FF99;
			productRefGroup = FD2BB6FD1C846D960068FF99 /* Products */;
			projectDirPath = "";
			projectRoot = "";
			targets = (
				FD2BB6FB1C846D960068FF99 /* OCDrawCircleLine */,
			);
		};
/* End PBXProject section */

/* Begin PBXResourcesBuildPhase section */
		FD2BB6FA1C846D960068FF99 /* Resources */ = {
			isa = PBXResourcesBuildPhase;
			buildActionMask = 2147483647;
			files = (
				FD2BB70F1C846D960068FF99 /* LaunchScreen.storyboard in Resources */,
				FD2BB70C1C846D960068FF99 /* Assets.xcassets in Resources */,
				FD2BB70A1C846D960068FF99 /* Main.storyboard in Resources */,
			);
			runOnlyForDeploymentPostprocessing = 0;
		};
/* End PBXResourcesBuildPhase section */

/* Begin PBXSourcesBuildPhase section */
		FD2BB6F81C846D960068FF99 /* Sources */ = {
			isa = PBXSourcesBuildPhase;
			buildActionMask = 2147483647;
			files = (
				FD2BB7071C846D960068FF99 /* ViewController.m in Sources */,
				FD2BB71E1C8474F00068FF99 /* DisplayUtil.m in Sources */,
				FD2BB7041C846D960068FF99 /* AppDelegate.m in Sources */,
				FD2BB71A1C84734A0068FF99 /* DrawCircleLineView.m in Sources */,
				FD2BB7011C846D960068FF99 /* main.m in Sources */,
			);
			runOnlyForDeploymentPostprocessing = 0;
		};
/* End PBXSourcesBuildPhase section */

/* Begin PBXVariantGroup section */
		FD2BB7081C846D960068FF99 /* Main.storyboard */ = {
			isa = PBXVariantGroup;
			children = (
				FD2BB7091C846D960068FF99 /* Base */,
			);
			name = Main.storyboard;
			path = ..;
			sourceTree = "<group>";
		};
		FD2BB70D1C846D960068FF99 /* LaunchScreen.storyboard */ = {
			isa = PBXVariantGroup;
			children = (
				FD2BB70E1C846D960068FF99 /* Base */,
			);
			name = LaunchScreen.storyboard;
			path = ..;
			sourceTree = "<group>";
		};
/* End PBXVariantGroup section */

/* Begin XCBuildConfiguration section */
		FD2BB7111C846D960068FF99 /* Debug */ = {
			isa = XCBuildConfiguration;
			buildSettings = {
				ALWAYS_SEARCH_USER_PATHS = NO;
				CLANG_CXX_LANGUAGE_STANDARD = "gnu++0x";
				CLANG_CXX_LIBRARY = "libc++";
				CLANG_ENABLE_MODULES = YES;
				CLANG_ENABLE_OBJC_ARC = YES;
				CLANG_WARN_BOOL_CONVERSION = YES;
				CLANG_WARN_CONSTANT_CONVERSION = YES;
				CLANG_WARN_DIRECT_OBJC_ISA_USAGE = YES_ERROR;
				CLANG_WARN_EMPTY_BODY = YES;
				CLANG_WARN_ENUM_CONVERSION = YES;
				CLANG_WARN_INT_CONVERSION = YES;
				CLANG_WARN_OBJC_ROOT_CLASS = YES_ERROR;
				CLANG_WARN_UNREACHABLE_CODE = YES;
				CLANG_WARN__DUPLICATE_METHOD_MATCH = YES;
				"CODE_SIGN_IDENTITY[sdk=iphoneos*]" = "iPhone Developer";
				COPY_PHASE_STRIP = NO;
				DEBUG_INFORMATION_FORMAT = dwarf;
				ENABLE_STRICT_OBJC_MSGSEND = YES;
				ENABLE_TESTABILITY = YES;
				GCC_C_LANGUAGE_STANDARD = gnu99;
				GCC_DYNAMIC_NO_PIC = NO;
				GCC_NO_COMMON_BLOCKS = YES;
				GCC_OPTIMIZATION_LEVEL = 0;
				GCC_PREPROCESSOR_DEFINITIONS = (
					"DEBUG=1",
					"$(inherited)",
				);
				GCC_WARN_64_TO_32_BIT_CONVERSION = YES;
				GCC_WARN_ABOUT_RETURN_TYPE = YES_ERROR;
				GCC_WARN_UNDECLARED_SELECTOR = YES;
				GCC_WARN_UNINITIALIZED_AUTOS = YES_AGGRESSIVE;
				GCC_WARN_UNUSED_FUNCTION = YES;
				GCC_WARN_UNUSED_VARIABLE = YES;
				IPHONEOS_DEPLOYMENT_TARGET = 9.2;
				MTL_ENABLE_DEBUG_INFO = YES;
				ONLY_ACTIVE_ARCH = YES;
				SDKROOT = iphoneos;
				TARGETED_DEVICE_FAMILY = "1,2";
			};
			name = Debug;
		};
		FD2BB7121C846D960068FF99 /* Release */ = {
			isa = XCBuildConfiguration;
			buildSettings = {
				ALWAYS_SEARCH_USER_PATHS = NO;
				CLANG_CXX_LANGUAGE_STANDARD = "gnu++0x";
				CLANG_CXX_LIBRARY = "libc++";
				CLANG_ENABLE_MODULES = YES;
				CLANG_ENABLE_OBJC_ARC = YES;
				CLANG_WARN_BOOL_CONVERSION = YES;
				CLANG_WARN_CONSTANT_CONVERSION = YES;
				CLANG_WARN_DIRECT_OBJC_ISA_USAGE = YES_ERROR;
				CLANG_WARN_EMPTY_BODY = YES;
				CLANG_WARN_ENUM_CONVERSION = YES;
				CLANG_WARN_INT_CONVERSION = YES;
				CLANG_WARN_OBJC_ROOT_CLASS = YES_ERROR;
				CLANG_WARN_UNREACHABLE_CODE = YES;
				CLANG_WARN__DUPLICATE_METHOD_MATCH = YES;
				"CODE_SIGN_IDENTITY[sdk=iphoneos*]" = "iPhone Developer";
				COPY_PHASE_STRIP = NO;
				DEBUG_INFORMATION_FORMAT = "dwarf-with-dsym";
				ENABLE_NS_ASSERTIONS = NO;
				ENABLE_STRICT_OBJC_MSGSEND = YES;
				GCC_C_LANGUAGE_STANDARD = gnu99;
				GCC_NO_COMMON_BLOCKS = YES;
				GCC_WARN_64_TO_32_BIT_CONVERSION = YES;
				GCC_WARN_ABOUT_RETURN_TYPE = YES_ERROR;
				GCC_WARN_UNDECLARED_SELECTOR = YES;
				GCC_WARN_UNINITIALIZED_AUTOS = YES_AGGRESSIVE;
				GCC_WARN_UNUSED_FUNCTION = YES;
				GCC_WARN_UNUSED_VARIABLE = YES;
				IPHONEOS_DEPLOYMENT_TARGET = 9.2;
				MTL_ENABLE_DEBUG_INFO = NO;
				SDKROOT = iphoneos;
				TARGETED_DEVICE_FAMILY = "1,2";
				VALIDATE_PRODUCT = YES;
			};
			name = Release;
		};
		FD2BB7141C846D960068FF99 /* Debug */ = {
			isa = XCBuildConfiguration;
			buildSettings = {
				ASSETCATALOG_COMPILER_APPICON_NAME = AppIcon;
				INFOPLIST_FILE = OCDrawCircleLine/Info.plist;
				IPHONEOS_DEPLOYMENT_TARGET = 8.0;
				LD_RUNPATH_SEARCH_PATHS = "$(inherited) @executable_path/Frameworks";
				PRODUCT_BUNDLE_IDENTIFIER = com.ASTK.OCDrawCircleLine;
				PRODUCT_NAME = "$(TARGET_NAME)";
			};
			name = Debug;
		};
		FD2BB7151C846D960068FF99 /* Release */ = {
			isa = XCBuildConfiguration;
			buildSettings = {
				ASSETCATALOG_COMPILER_APPICON_NAME = AppIcon;
				INFOPLIST_FILE = OCDrawCircleLine/Info.plist;
				IPHONEOS_DEPLOYMENT_TARGET = 8.0;
				LD_RUNPATH_SEARCH_PATHS = "$(inherited) @executable_path/Frameworks";
				PRODUCT_BUNDLE_IDENTIFIER = com.ASTK.OCDrawCircleLine;
				PRODUCT_NAME = "$(TARGET_NAME)";
			};
			name = Release;
		};
/* End XCBuildConfiguration section */

/* Begin XCConfigurationList section */
		FD2BB6F71C846D960068FF99 /* Build configuration list for PBXProject "OCDrawCircleLine" */ = {
			isa = XCConfigurationList;
			buildConfigurations = (
				FD2BB7111C846D960068FF99 /* Debug */,
				FD2BB7121C846D960068FF99 /* Release */,
			);
			defaultConfigurationIsVisible = 0;
			defaultConfigurationName = Release;
		};
		FD2BB7131C846D960068FF99 /* Build configuration list for PBXNativeTarget "OCDrawCircleLine" */ = {
			isa = XCConfigurationList;
			buildConfigurations = (
				FD2BB7141C846D960068FF99 /* Debug */,
				FD2BB7151C846D960068FF99 /* Release */,
			);
			defaultConfigurationIsVisible = 0;
		};
/* End XCConfigurationList section */
	};
	rootObject = FD2BB6F41C846D960068FF99 /* Project object */;
}
